dependencies:
  espressif/esp_codec_dev:
    component_hash: df70f10af8d7b922add7b9d07372c9c97ab356e58d72b7a892050227c2d44348
    dependencies:
    - name: idf
      require: private
      version: '>=4.0'
    source:
      registry_url: https://components.espressif.com/
      type: service
    version: 1.5.11
  espressif/esp_io_expander:
    component_hash: 7b7f91270172e46ca4597e3874f48d8412e280e8c295559f5922ec38656e3e5f
    dependencies:
    - name: idf
      require: private
      version: '>=4.4.2'
    source:
      registry_url: https://components.espressif.com
      type: service
    version: 1.2.1
  espressif/esp_io_expander_tca95xx_16bit:
    component_hash: a9608ba5753ae2a72e79fccd376fc4283343c0306d23505fbf8a46fafdbde2a2
    dependencies:
    - name: espressif/esp_io_expander
      registry_url: https://components.espressif.com
      require: public
      version: ^1.2.0
    - name: idf
      require: private
      version: '>=5.2'
    source:
      registry_url: https://components.espressif.com/
      type: service
    version: 2.0.2
  espressif/led_strip:
    component_hash: 28621486f77229aaf81c71f5e15d6fbf36c2949cf11094e07090593e659e7639
    dependencies:
    - name: idf
      require: private
      version: '>=5.0'
    source:
      registry_url: https://components.espressif.com/
      type: service
    version: 3.0.3
  idf:
    source:
      type: idf
    version: 5.5.2
direct_dependencies:
- espressif/esp_codec_dev
- espressif/esp_io_expander_tca95xx_16bit
- espressif/led_strip
manifest_hash: 295ee6c18bc9506eef7ab9a567d1309d0ffa3048bf3b661c5ebf7d2536396ce2
target: esp32s3
version: 2.0.0
